
Microsoft Visual Studio Solution File, Format Version 12.00
# Visual Studio 15
VisualStudioVersion = 15.0.28307.1169
MinimumVisualStudioVersion = 10.0.40219.1
Project("{FAE04EC0-301F-11D3-BF4B-00C04F79EFBC}") = "PTaller", "PTaller\PTaller.csproj", "{0A031AB7-46AC-4741-B7A3-AF63E05D4373}"
EndProject
Project("{FAE04EC0-301F-11D3-BF4B-00C04F79EFBC}") = "Conexion.Bici", "Conexion.Bici\Conexion.Bici.csproj", "{473D1582-3FFB-4FA0-A6CA-E694859DBFB4}"
EndProject
Global
	GlobalSection(SolutionConfigurationPlatforms) = preSolution
		Debug|Any CPU = Debug|Any CPU
		Release|Any CPU = Release|Any CPU
	EndGlobalSection
	GlobalSection(ProjectConfigurationPlatforms) = postSolution
		{0A031AB7-46AC-4741-B7A3-AF63E05D4373}.Debug|Any CPU.ActiveCfg = Debug|Any CPU
		{0A031AB7-46AC-4741-B7A3-AF63E05D4373}.Debug|Any CPU.Build.0 = Debug|Any CPU
		{0A031AB7-46AC-4741-B7A3-AF63E05D4373}.Release|Any CPU.ActiveCfg = Release|Any CPU
		{0A031AB7-46AC-4741-B7A3-AF63E05D4373}.Release|Any CPU.Build.0 = Release|Any CPU
		{473D1582-3FFB-4FA0-A6CA-E694859DBFB4}.Debug|Any CPU.ActiveCfg = Debug|Any CPU
		{473D1582-3FFB-4FA0-A6CA-E694859DBFB4}.Debug|Any CPU.Build.0 = Debug|Any CPU
		{473D1582-3FFB-4FA0-A6CA-E694859DBFB4}.Release|Any CPU.ActiveCfg = Release|Any CPU
		{473D1582-3FFB-4FA0-A6CA-E694859DBFB4}.Release|Any CPU.Build.0 = Release|Any CPU
	EndGlobalSection
	GlobalSection(SolutionProperties) = preSolution
		HideSolutionNode = FALSE
	EndGlobalSection
	GlobalSection(ExtensibilityGlobals) = postSolution
		SolutionGuid = {DA480821-6AF3-43F6-9C48-01A8E67857AE}
	EndGlobalSection
EndGlobal
